
Microsoft Visual Studio Solution File, Format Version 12.00
# Visual Studio Version 16
VisualStudioVersion = 16.0.30406.217
MinimumVisualStudioVersion = 10.0.40219.1
Project("{FAE04EC0-301F-11D3-BF4B-00C04F79EFBC}") = "Worker.ConsoleApp", "Worker.Console.App\Worker.ConsoleApp.csproj", "{B126A5CB-A188-4FA1-9DAF-14F1F0638FAD}"
EndProject
Project("{FAE04EC0-301F-11D3-BF4B-00C04F79EFBC}") = "Send.ConsoleApp", "Send.ConsoleApp\Send.ConsoleApp.csproj", "{9CBEECA1-1EA4-45B3-990C-018C78EA6B2D}"
EndProject
Global
	GlobalSection(SolutionConfigurationPlatforms) = preSolution
		Debug|Any CPU = Debug|Any CPU
		Release|Any CPU = Release|Any CPU
	EndGlobalSection
	GlobalSection(ProjectConfigurationPlatforms) = postSolution
		{B126A5CB-A188-4FA1-9DAF-14F1F0638FAD}.Debug|Any CPU.ActiveCfg = Debug|Any CPU
		{B126A5CB-A188-4FA1-9DAF-14F1F0638FAD}.Debug|Any CPU.Build.0 = Debug|Any CPU
		{B126A5CB-A188-4FA1-9DAF-14F1F0638FAD}.Release|Any CPU.ActiveCfg = Release|Any CPU
		{B126A5CB-A188-4FA1-9DAF-14F1F0638FAD}.Release|Any CPU.Build.0 = Release|Any CPU
		{9CBEECA1-1EA4-45B3-990C-018C78EA6B2D}.Debug|Any CPU.ActiveCfg = Debug|Any CPU
		{9CBEECA1-1EA4-45B3-990C-018C78EA6B2D}.Debug|Any CPU.Build.0 = Debug|Any CPU
		{9CBEECA1-1EA4-45B3-990C-018C78EA6B2D}.Release|Any CPU.ActiveCfg = Release|Any CPU
		{9CBEECA1-1EA4-45B3-990C-018C78EA6B2D}.Release|Any CPU.Build.0 = Release|Any CPU
	EndGlobalSection
	GlobalSection(SolutionProperties) = preSolution
		HideSolutionNode = FALSE
	EndGlobalSection
	GlobalSection(ExtensibilityGlobals) = postSolution
		SolutionGuid = {1E6FD44A-9EBC-4A24-82A7-261E36C0BB68}
	EndGlobalSection
EndGlobal
